{
  "version": 4,
  "terraform_version": "1.13.3",
  "serial": 5,
  "lineage": "734deef9-bfb6-7e0f-2e05-0ae032c76365",
  "outputs": {
    "my_zone": {
      "value": [
        "ap-southeast-7a",
        "ap-southeast-7b",
        "ap-southeast-7c"
      ],
      "type": [
        "list",
        "string"
      ]
    },
    "name": {
      "value": "My VPC id is vpc-041525edb9e5e1bf9.",
      "type": "string"
    }
  },
  "resources": [
    {
      "mode": "data",
      "type": "aws_availability_zones",
      "name": "available",
      "provider": "provider[\"registry.terraform.io/hashicorp/aws\"]",
      "instances": [
        {
          "schema_version": 0,
          "attributes": {
            "all_availability_zones": null,
            "exclude_names": null,
            "exclude_zone_ids": null,
            "filter": [
              {
                "name": "zone-type",
                "values": [
                  "availability-zone"
                ]
              }
            ],
            "group_names": [
              "ap-southeast-7-zg-1"
            ],
            "id": "ap-southeast-7",
            "names": [
              "ap-southeast-7a",
              "ap-southeast-7b",
              "ap-southeast-7c"
            ],
            "region": "ap-southeast-7",
            "state": "available",
            "timeouts": null,
            "zone_ids": [
              "apse7-az1",
              "apse7-az2",
              "apse7-az3"
            ]
          },
          "sensitive_attributes": [],
          "identity_schema_version": 0
        }
      ]
    },
    {
      "mode": "managed",
      "type": "aws_internet_gateway",
      "name": "hpc_vpc",
      "provider": "provider[\"registry.terraform.io/hashicorp/aws\"]",
      "instances": [
        {
          "schema_version": 0,
          "attributes": {
            "arn": "arn:aws:ec2:ap-southeast-7:794038230522:internet-gateway/igw-001b346a78e917543",
            "id": "igw-001b346a78e917543",
            "owner_id": "794038230522",
            "region": "ap-southeast-7",
            "tags": {
              "Name": ""
            },
            "tags_all": {
              "Name": ""
            },
            "timeouts": null,
            "vpc_id": "vpc-041525edb9e5e1bf9"
          },
          "sensitive_attributes": [],
          "identity_schema_version": 0,
          "private": "eyJlMmJmYjczMC1lY2FhLTExZTYtOGY4OC0zNDM2M2JjN2M0YzAiOnsiY3JlYXRlIjoxMjAwMDAwMDAwMDAwLCJkZWxldGUiOjEyMDAwMDAwMDAwMDAsInVwZGF0ZSI6MTIwMDAwMDAwMDAwMH19",
          "dependencies": [
            "aws_vpc.hpc_vpc"
          ]
        }
      ]
    },
    {
      "mode": "managed",
      "type": "aws_subnet",
      "name": "public_subnet",
      "provider": "provider[\"registry.terraform.io/hashicorp/aws\"]",
      "instances": [
        {
          "schema_version": 1,
          "attributes": {
            "arn": "arn:aws:ec2:ap-southeast-7:794038230522:subnet/subnet-003094974e00b1273",
            "assign_ipv6_address_on_creation": false,
            "availability_zone": "ap-southeast-7a",
            "availability_zone_id": "apse7-az1",
            "cidr_block": "10.0.1.0/24",
            "customer_owned_ipv4_pool": "",
            "enable_dns64": false,
            "enable_lni_at_device_index": 0,
            "enable_resource_name_dns_a_record_on_launch": false,
            "enable_resource_name_dns_aaaa_record_on_launch": false,
            "id": "subnet-003094974e00b1273",
            "ipv6_cidr_block": "",
            "ipv6_cidr_block_association_id": "",
            "ipv6_native": false,
            "map_customer_owned_ip_on_launch": false,
            "map_public_ip_on_launch": true,
            "outpost_arn": "",
            "owner_id": "794038230522",
            "private_dns_hostname_type_on_launch": "ip-name",
            "region": "ap-southeast-7",
            "tags": {
              "Name": "VPC-A-Public-Subnet-1"
            },
            "tags_all": {
              "Name": "VPC-A-Public-Subnet-1"
            },
            "timeouts": null,
            "vpc_id": "vpc-041525edb9e5e1bf9"
          },
          "sensitive_attributes": [],
          "identity_schema_version": 0,
          "identity": {
            "account_id": "794038230522",
            "id": "subnet-003094974e00b1273",
            "region": "ap-southeast-7"
          },
          "private": "eyJlMmJmYjczMC1lY2FhLTExZTYtOGY4OC0zNDM2M2JjN2M0YzAiOnsiY3JlYXRlIjo2MDAwMDAwMDAwMDAsImRlbGV0ZSI6MTIwMDAwMDAwMDAwMH0sInNjaGVtYV92ZXJzaW9uIjoiMSJ9",
          "dependencies": [
            "aws_vpc.hpc_vpc"
          ]
        }
      ]
    },
    {
      "mode": "managed",
      "type": "aws_vpc",
      "name": "hpc_vpc",
      "provider": "provider[\"registry.terraform.io/hashicorp/aws\"]",
      "instances": [
        {
          "schema_version": 1,
          "attributes": {
            "arn": "arn:aws:ec2:ap-southeast-7:794038230522:vpc/vpc-041525edb9e5e1bf9",
            "assign_generated_ipv6_cidr_block": false,
            "cidr_block": "10.0.0.0/16",
            "default_network_acl_id": "acl-028853e795781248d",
            "default_route_table_id": "rtb-0bbbbcd433606ffd6",
            "default_security_group_id": "sg-0538c643f7f1a40f1",
            "dhcp_options_id": "dopt-0033a26adc8acd77d",
            "enable_dns_hostnames": false,
            "enable_dns_support": true,
            "enable_network_address_usage_metrics": false,
            "id": "vpc-041525edb9e5e1bf9",
            "instance_tenancy": "default",
            "ipv4_ipam_pool_id": null,
            "ipv4_netmask_length": null,
            "ipv6_association_id": "",
            "ipv6_cidr_block": "",
            "ipv6_cidr_block_network_border_group": "",
            "ipv6_ipam_pool_id": "",
            "ipv6_netmask_length": 0,
            "main_route_table_id": "rtb-0bbbbcd433606ffd6",
            "owner_id": "794038230522",
            "region": "ap-southeast-7",
            "tags": {
              "Name": "VPC-A"
            },
            "tags_all": {
              "Name": "VPC-A"
            }
          },
          "sensitive_attributes": [],
          "identity_schema_version": 0,
          "private": "eyJzY2hlbWFfdmVyc2lvbiI6IjEifQ=="
        }
      ]
    }
  ],
  "check_results": null
}
